
Microsoft Visual Studio Solution File, Format Version 12.00
# Visual Studio Version 16
VisualStudioVersion = 16.0.32228.343
MinimumVisualStudioVersion = 10.0.40219.1
Project("{FAE04EC0-301F-11D3-BF4B-00C04F79EFBC}") = "PizzaProjectSWE", "PizzaProjectSWE\PizzaProjectSWE.csproj", "{79E9F110-A716-4DA2-B7B4-8C8A97A303DD}"
EndProject
Global
	GlobalSection(SolutionConfigurationPlatforms) = preSolution
		Debug|Any CPU = Debug|Any CPU
		Release|Any CPU = Release|Any CPU
	EndGlobalSection
	GlobalSection(ProjectConfigurationPlatforms) = postSolution
		{79E9F110-A716-4DA2-B7B4-8C8A97A303DD}.Debug|Any CPU.ActiveCfg = Debug|Any CPU
		{79E9F110-A716-4DA2-B7B4-8C8A97A303DD}.Debug|Any CPU.Build.0 = Debug|Any CPU
		{79E9F110-A716-4DA2-B7B4-8C8A97A303DD}.Release|Any CPU.ActiveCfg = Release|Any CPU
		{79E9F110-A716-4DA2-B7B4-8C8A97A303DD}.Release|Any CPU.Build.0 = Release|Any CPU
	EndGlobalSection
	GlobalSection(SolutionProperties) = preSolution
		HideSolutionNode = FALSE
	EndGlobalSection
	GlobalSection(ExtensibilityGlobals) = postSolution
		SolutionGuid = {C6C02C37-5E30-4597-9B89-064EF217ABE3}
	EndGlobalSection
EndGlobal
